{
	"name": "myApp",
	"version": "0.0.1",
	"lockfileVersion": 1,
	"requires": true,
	"dependencies": {
		"rn-splash-screen": {
			"version": "4.0.1",
			"resolved": "http://registry.npm.taobao.org/rn-splash-screen/download/rn-splash-screen-4.0.1.tgz",
			"integrity": "sha1-/EahV0xvRLqBXCDkOzU+eZKeqnA="
		}
	}
}
